// !$*UTF8*$!
{
	archiveVersion = 1;
	classes = {
	};
	objectVersion = 46;
	objects = {

/* Begin PBXBuildFile section */
		6EADCC901B9811B300436990 /* WANavigationController.m in Sources */ = {isa = PBXBuildFile; fileRef = 6EADCC8F1B9811B300436990 /* WANavigationController.m */; };
		6EADCCAC1B983CC500436990 /* WAFriendTrendsView.xib in Resources */ = {isa = PBXBuildFile; fileRef = 6EADCCAB1B983CC500436990 /* WAFriendTrendsView.xib */; };
		6EADCCB01B9844AD00436990 /* WALoginRegisterViewController.m in Sources */ = {isa = PBXBuildFile; fileRef = 6EADCCAE1B9844AD00436990 /* WALoginRegisterViewController.m */; };
		6EADCCB11B9844AD00436990 /* WALoginRegisterViewController.xib in Resources */ = {isa = PBXBuildFile; fileRef = 6EADCCAF1B9844AD00436990 /* WALoginRegisterViewController.xib */; };
		6EADCCB41B989AE400436990 /* WAQuickLoginButton.m in Sources */ = {isa = PBXBuildFile; fileRef = 6EADCCB31B989AE400436990 /* WAQuickLoginButton.m */; };
		6EADCCB71B989BCD00436990 /* UIView+WAExtension.m in Sources */ = {isa = PBXBuildFile; fileRef = 6EADCCB61B989BCD00436990 /* UIView+WAExtension.m */; };
		6EADCCBA1B997BF300436990 /* WALoginRegisterTextField.m in Sources */ = {isa = PBXBuildFile; fileRef = 6EADCCB91B997BF300436990 /* WALoginRegisterTextField.m */; };
		6EDC3EF71B957BC4005631B7 /* main.m in Sources */ = {isa = PBXBuildFile; fileRef = 6EDC3EF61B957BC4005631B7 /* main.m */; };
		6EDC3EFA1B957BC4005631B7 /* AppDelegate.m in Sources */ = {isa = PBXBuildFile; fileRef = 6EDC3EF91B957BC4005631B7 /* AppDelegate.m */; };
		6EDC3F021B957BC4005631B7 /* Images.xcassets in Resources */ = {isa = PBXBuildFile; fileRef = 6EDC3F011B957BC4005631B7 /* Images.xcassets */; };
		6EDC3F111B957BC4005631B7 /* _____Tests.m in Sources */ = {isa = PBXBuildFile; fileRef = 6EDC3F101B957BC4005631B7 /* _____Tests.m */; };
		6EDC3F1F1B95C44A005631B7 /* WAMeViewController.m in Sources */ = {isa = PBXBuildFile; fileRef = 6EDC3F1E1B95C44A005631B7 /* WAMeViewController.m */; };
		6EDC3F221B95C461005631B7 /* WANewViewController.m in Sources */ = {isa = PBXBuildFile; fileRef = 6EDC3F211B95C461005631B7 /* WANewViewController.m */; };
		6EDC3F251B95C47F005631B7 /* WAFriendTrendsViewController.m in Sources */ = {isa = PBXBuildFile; fileRef = 6EDC3F241B95C47F005631B7 /* WAFriendTrendsViewController.m */; };
		6EDC3F281B95C493005631B7 /* WAEssenceViewController.m in Sources */ = {isa = PBXBuildFile; fileRef = 6EDC3F271B95C493005631B7 /* WAEssenceViewController.m */; };
		6EDC3F2B1B95CC0C005631B7 /* WATabBarController.m in Sources */ = {isa = PBXBuildFile; fileRef = 6EDC3F2A1B95CC0C005631B7 /* WATabBarController.m */; };
		6EDC3F2E1B95CE23005631B7 /* WATabBar.m in Sources */ = {isa = PBXBuildFile; fileRef = 6EDC3F2D1B95CE23005631B7 /* WATabBar.m */; };
		6EDC3F361B95F400005631B7 /* UIBarButtonItem+WAExtension.m in Sources */ = {isa = PBXBuildFile; fileRef = 6EDC3F351B95F400005631B7 /* UIBarButtonItem+WAExtension.m */; };
		6EDC3F391B95FD39005631B7 /* WASettingViewController.m in Sources */ = {isa = PBXBuildFile; fileRef = 6EDC3F381B95FD39005631B7 /* WASettingViewController.m */; };
		6EDC3F3C1B960102005631B7 /* WATagViewController.m in Sources */ = {isa = PBXBuildFile; fileRef = 6EDC3F3B1B960102005631B7 /* WATagViewController.m */; };
/* End PBXBuildFile section */

/* Begin PBXContainerItemProxy section */
		6EDC3F0B1B957BC4005631B7 /* PBXContainerItemProxy */ = {
			isa = PBXContainerItemProxy;
			containerPortal = 6EDC3EE91B957BC4005631B7 /* Project object */;
			proxyType = 1;
			remoteGlobalIDString = 6EDC3EF01B957BC4005631B7;
			remoteInfo = "百思不得姐";
		};
/* End PBXContainerItemProxy section */

/* Begin PBXFileReference section */
		6EADCC8E1B9811B300436990 /* WANavigationController.h */ = {isa = PBXFileReference; fileEncoding = 4; lastKnownFileType = sourcecode.c.h; name = WANavigationController.h; path = ../../../WANavigationController.h; sourceTree = "<group>"; };
		6EADCC8F1B9811B300436990 /* WANavigationController.m */ = {isa = PBXFileReference; fileEncoding = 4; lastKnownFileType = sourcecode.c.objc; name = WANavigationController.m; path = ../../../WANavigationController.m; sourceTree = "<group>"; };
		6EADCCAB1B983CC500436990 /* WAFriendTrendsView.xib */ = {isa = PBXFileReference; fileEncoding = 4; lastKnownFileType = file.xib; path = WAFriendTrendsView.xib; sourceTree = "<group>"; };
		6EADCCAD1B9844AD00436990 /* WALoginRegisterViewController.h */ = {isa = PBXFileReference; fileEncoding = 4; lastKnownFileType = sourcecode.c.h; path = WALoginRegisterViewController.h; sourceTree = "<group>"; };
		6EADCCAE1B9844AD00436990 /* WALoginRegisterViewController.m */ = {isa = PBXFileReference; fileEncoding = 4; lastKnownFileType = sourcecode.c.objc; path = WALoginRegisterViewController.m; sourceTree = "<group>"; };
		6EADCCAF1B9844AD00436990 /* WALoginRegisterViewController.xib */ = {isa = PBXFileReference; fileEncoding = 4; lastKnownFileType = file.xib; path = WALoginRegisterViewController.xib; sourceTree = "<group>"; };
		6EADCCB21B989AE400436990 /* WAQuickLoginButton.h */ = {isa = PBXFileReference; fileEncoding = 4; lastKnownFileType = sourcecode.c.h; path = WAQuickLoginButton.h; sourceTree = "<group>"; };
		6EADCCB31B989AE400436990 /* WAQuickLoginButton.m */ = {isa = PBXFileReference; fileEncoding = 4; lastKnownFileType = sourcecode.c.objc; path = WAQuickLoginButton.m; sourceTree = "<group>"; };
		6EADCCB51B989BCD00436990 /* UIView+WAExtension.h */ = {isa = PBXFileReference; fileEncoding = 4; lastKnownFileType = sourcecode.c.h; path = "UIView+WAExtension.h"; sourceTree = "<group>"; };
		6EADCCB61B989BCD00436990 /* UIView+WAExtension.m */ = {isa = PBXFileReference; fileEncoding = 4; lastKnownFileType = sourcecode.c.objc; path = "UIView+WAExtension.m"; sourceTree = "<group>"; };
		6EADCCB81B997BF300436990 /* WALoginRegisterTextField.h */ = {isa = PBXFileReference; fileEncoding = 4; lastKnownFileType = sourcecode.c.h; path = WALoginRegisterTextField.h; sourceTree = "<group>"; };
		6EADCCB91B997BF300436990 /* WALoginRegisterTextField.m */ = {isa = PBXFileReference; fileEncoding = 4; lastKnownFileType = sourcecode.c.objc; path = WALoginRegisterTextField.m; sourceTree = "<group>"; };
		6EDC3EF11B957BC4005631B7 /* 百思不得姐.app */ = {isa = PBXFileReference; explicitFileType = wrapper.application; includeInIndex = 0; path = "百思不得姐.app"; sourceTree = BUILT_PRODUCTS_DIR; };
		6EDC3EF51B957BC4005631B7 /* Info.plist */ = {isa = PBXFileReference; lastKnownFileType = text.plist.xml; path = Info.plist; sourceTree = "<group>"; };
		6EDC3EF61B957BC4005631B7 /* main.m */ = {isa = PBXFileReference; lastKnownFileType = sourcecode.c.objc; name = main.m; path = ../main.m; sourceTree = "<group>"; };
		6EDC3EF81B957BC4005631B7 /* AppDelegate.h */ = {isa = PBXFileReference; lastKnownFileType = sourcecode.c.h; name = AppDelegate.h; path = ../AppDelegate.h; sourceTree = "<group>"; };
		6EDC3EF91B957BC4005631B7 /* AppDelegate.m */ = {isa = PBXFileReference; lastKnownFileType = sourcecode.c.objc; name = AppDelegate.m; path = ../AppDelegate.m; sourceTree = "<group>"; };
		6EDC3F011B957BC4005631B7 /* Images.xcassets */ = {isa = PBXFileReference; lastKnownFileType = folder.assetcatalog; path = Images.xcassets; sourceTree = "<group>"; };
		6EDC3F0A1B957BC4005631B7 /* 百思不得姐Tests.xctest */ = {isa = PBXFileReference; explicitFileType = wrapper.cfbundle; includeInIndex = 0; path = "百思不得姐Tests.xctest"; sourceTree = BUILT_PRODUCTS_DIR; };
		6EDC3F0F1B957BC4005631B7 /* Info.plist */ = {isa = PBXFileReference; lastKnownFileType = text.plist.xml; path = Info.plist; sourceTree = "<group>"; };
		6EDC3F101B957BC4005631B7 /* _____Tests.m */ = {isa = PBXFileReference; lastKnownFileType = sourcecode.c.objc; path = "_____Tests.m"; sourceTree = "<group>"; };
		6EDC3F1D1B95C44A005631B7 /* WAMeViewController.h */ = {isa = PBXFileReference; fileEncoding = 4; lastKnownFileType = sourcecode.c.h; name = WAMeViewController.h; path = ../../../WAMeViewController.h; sourceTree = "<group>"; };
		6EDC3F1E1B95C44A005631B7 /* WAMeViewController.m */ = {isa = PBXFileReference; fileEncoding = 4; lastKnownFileType = sourcecode.c.objc; name = WAMeViewController.m; path = ../../../WAMeViewController.m; sourceTree = "<group>"; };
		6EDC3F201B95C461005631B7 /* WANewViewController.h */ = {isa = PBXFileReference; fileEncoding = 4; lastKnownFileType = sourcecode.c.h; name = WANewViewController.h; path = ../../../WANewViewController.h; sourceTree = "<group>"; };
		6EDC3F211B95C461005631B7 /* WANewViewController.m */ = {isa = PBXFileReference; fileEncoding = 4; lastKnownFileType = sourcecode.c.objc; name = WANewViewController.m; path = ../../../WANewViewController.m; sourceTree = "<group>"; };
		6EDC3F231B95C47F005631B7 /* WAFriendTrendsViewController.h */ = {isa = PBXFileReference; fileEncoding = 4; lastKnownFileType = sourcecode.c.h; name = WAFriendTrendsViewController.h; path = ../../../WAFriendTrendsViewController.h; sourceTree = "<group>"; };
		6EDC3F241B95C47F005631B7 /* WAFriendTrendsViewController.m */ = {isa = PBXFileReference; fileEncoding = 4; lastKnownFileType = sourcecode.c.objc; name = WAFriendTrendsViewController.m; path = ../../../WAFriendTrendsViewController.m; sourceTree = "<group>"; };
		6EDC3F261B95C493005631B7 /* WAEssenceViewController.h */ = {isa = PBXFileReference; fileEncoding = 4; lastKnownFileType = sourcecode.c.h; name = WAEssenceViewController.h; path = ../../../WAEssenceViewController.h; sourceTree = "<group>"; };
		6EDC3F271B95C493005631B7 /* WAEssenceViewController.m */ = {isa = PBXFileReference; fileEncoding = 4; lastKnownFileType = sourcecode.c.objc; name = WAEssenceViewController.m; path = ../../../WAEssenceViewController.m; sourceTree = "<group>"; };
		6EDC3F291B95CC0C005631B7 /* WATabBarController.h */ = {isa = PBXFileReference; fileEncoding = 4; lastKnownFileType = sourcecode.c.h; name = WATabBarController.h; path = ../../../WATabBarController.h; sourceTree = "<group>"; };
		6EDC3F2A1B95CC0C005631B7 /* WATabBarController.m */ = {isa = PBXFileReference; fileEncoding = 4; lastKnownFileType = sourcecode.c.objc; name = WATabBarController.m; path = ../../../WATabBarController.m; sourceTree = "<group>"; };
		6EDC3F2C1B95CE23005631B7 /* WATabBar.h */ = {isa = PBXFileReference; fileEncoding = 4; lastKnownFileType = sourcecode.c.h; name = WATabBar.h; path = ../../../WATabBar.h; sourceTree = "<group>"; };
		6EDC3F2D1B95CE23005631B7 /* WATabBar.m */ = {isa = PBXFileReference; fileEncoding = 4; lastKnownFileType = sourcecode.c.objc; name = WATabBar.m; path = ../../../WATabBar.m; sourceTree = "<group>"; };
		6EDC3F2F1B95E47E005631B7 /* PrefixHeader.pch */ = {isa = PBXFileReference; lastKnownFileType = sourcecode.c.h; name = PrefixHeader.pch; path = ../PrefixHeader.pch; sourceTree = "<group>"; };
		6EDC3F341B95F400005631B7 /* UIBarButtonItem+WAExtension.h */ = {isa = PBXFileReference; fileEncoding = 4; lastKnownFileType = sourcecode.c.h; name = "UIBarButtonItem+WAExtension.h"; path = "../../../UIBarButtonItem+WAExtension.h"; sourceTree = "<group>"; };
		6EDC3F351B95F400005631B7 /* UIBarButtonItem+WAExtension.m */ = {isa = PBXFileReference; fileEncoding = 4; lastKnownFileType = sourcecode.c.objc; name = "UIBarButtonItem+WAExtension.m"; path = "../../../UIBarButtonItem+WAExtension.m"; sourceTree = "<group>"; };
		6EDC3F371B95FD39005631B7 /* WASettingViewController.h */ = {isa = PBXFileReference; fileEncoding = 4; lastKnownFileType = sourcecode.c.h; name = WASettingViewController.h; path = ../../../WASettingViewController.h; sourceTree = "<group>"; };
		6EDC3F381B95FD39005631B7 /* WASettingViewController.m */ = {isa = PBXFileReference; fileEncoding = 4; lastKnownFileType = sourcecode.c.objc; name = WASettingViewController.m; path = ../../../WASettingViewController.m; sourceTree = "<group>"; };
		6EDC3F3A1B960102005631B7 /* WATagViewController.h */ = {isa = PBXFileReference; fileEncoding = 4; lastKnownFileType = sourcecode.c.h; name = WATagViewController.h; path = ../../../WATagViewController.h; sourceTree = "<group>"; };
		6EDC3F3B1B960102005631B7 /* WATagViewController.m */ = {isa = PBXFileReference; fileEncoding = 4; lastKnownFileType = sourcecode.c.objc; name = WATagViewController.m; path = ../../../WATagViewController.m; sourceTree = "<group>"; };
/* End PBXFileReference section */

/* Begin PBXFrameworksBuildPhase section */
		6EDC3EEE1B957BC4005631B7 /* Frameworks */ = {
			isa = PBXFrameworksBuildPhase;
			buildActionMask = 2147483647;
			files = (
			);
			runOnlyForDeploymentPostprocessing = 0;
		};
		6EDC3F071B957BC4005631B7 /* Frameworks */ = {
			isa = PBXFrameworksBuildPhase;
			buildActionMask = 2147483647;
			files = (
			);
			runOnlyForDeploymentPostprocessing = 0;
		};
/* End PBXFrameworksBuildPhase section */

/* Begin PBXGroup section */
		6EADCC911B98356B00436990 /* classes */ = {
			isa = PBXGroup;
			children = (
				6EADCC921B9836B400436990 /* Essence-精华 */,
				6EADCC9E1B9836B400436990 /* New-新贴 */,
				6EADCC961B9836B400436990 /* FriendTrends-关注 */,
				6EADCC9A1B9836B400436990 /* Me-我 */,
				6EADCCA21B9836B400436990 /* Other-其它  */,
				6EDC3EF81B957BC4005631B7 /* AppDelegate.h */,
				6EDC3EF91B957BC4005631B7 /* AppDelegate.m */,
				6EDC3F2F1B95E47E005631B7 /* PrefixHeader.pch */,
				6EDC3EF61B957BC4005631B7 /* main.m */,
			);
			path = classes;
			sourceTree = "<group>";
		};
		6EADCC921B9836B400436990 /* Essence-精华 */ = {
			isa = PBXGroup;
			children = (
				6EADCC931B9836B400436990 /* Controller */,
				6EADCC941B9836B400436990 /* Model */,
				6EADCC951B9836B400436990 /* View */,
			);
			path = "Essence-精华";
			sourceTree = "<group>";
		};
		6EADCC931B9836B400436990 /* Controller */ = {
			isa = PBXGroup;
			children = (
				6EDC3F261B95C493005631B7 /* WAEssenceViewController.h */,
				6EDC3F271B95C493005631B7 /* WAEssenceViewController.m */,
				6EDC3F3A1B960102005631B7 /* WATagViewController.h */,
				6EDC3F3B1B960102005631B7 /* WATagViewController.m */,
			);
			path = Controller;
			sourceTree = "<group>";
		};
		6EADCC941B9836B400436990 /* Model */ = {
			isa = PBXGroup;
			children = (
			);
			path = Model;
			sourceTree = "<group>";
		};
		6EADCC951B9836B400436990 /* View */ = {
			isa = PBXGroup;
			children = (
			);
			path = View;
			sourceTree = "<group>";
		};
		6EADCC961B9836B400436990 /* FriendTrends-关注 */ = {
			isa = PBXGroup;
			children = (
				6EADCC971B9836B400436990 /* Controller */,
				6EADCC981B9836B400436990 /* Model */,
				6EADCC991B9836B400436990 /* View */,
			);
			path = "FriendTrends-关注";
			sourceTree = "<group>";
		};
		6EADCC971B9836B400436990 /* Controller */ = {
			isa = PBXGroup;
			children = (
				6EDC3F231B95C47F005631B7 /* WAFriendTrendsViewController.h */,
				6EDC3F241B95C47F005631B7 /* WAFriendTrendsViewController.m */,
				6EADCCAB1B983CC500436990 /* WAFriendTrendsView.xib */,
				6EADCCAD1B9844AD00436990 /* WALoginRegisterViewController.h */,
				6EADCCAE1B9844AD00436990 /* WALoginRegisterViewController.m */,
				6EADCCAF1B9844AD00436990 /* WALoginRegisterViewController.xib */,
			);
			path = Controller;
			sourceTree = "<group>";
		};
		6EADCC981B9836B400436990 /* Model */ = {
			isa = PBXGroup;
			children = (
			);
			path = Model;
			sourceTree = "<group>";
		};
		6EADCC991B9836B400436990 /* View */ = {
			isa = PBXGroup;
			children = (
				6EADCCB21B989AE400436990 /* WAQuickLoginButton.h */,
				6EADCCB31B989AE400436990 /* WAQuickLoginButton.m */,
				6EADCCB81B997BF300436990 /* WALoginRegisterTextField.h */,
				6EADCCB91B997BF300436990 /* WALoginRegisterTextField.m */,
			);
			path = View;
			sourceTree = "<group>";
		};
		6EADCC9A1B9836B400436990 /* Me-我 */ = {
			isa = PBXGroup;
			children = (
				6EADCC9B1B9836B400436990 /* Controller */,
				6EADCC9C1B9836B400436990 /* Model */,
				6EADCC9D1B9836B400436990 /* View */,
			);
			path = "Me-我";
			sourceTree = "<group>";
		};
		6EADCC9B1B9836B400436990 /* Controller */ = {
			isa = PBXGroup;
			children = (
				6EDC3F1D1B95C44A005631B7 /* WAMeViewController.h */,
				6EDC3F1E1B95C44A005631B7 /* WAMeViewController.m */,
				6EDC3F371B95FD39005631B7 /* WASettingViewController.h */,
				6EDC3F381B95FD39005631B7 /* WASettingViewController.m */,
			);
			path = Controller;
			sourceTree = "<group>";
		};
		6EADCC9C1B9836B400436990 /* Model */ = {
			isa = PBXGroup;
			children = (
			);
			path = Model;
			sourceTree = "<group>";
		};
		6EADCC9D1B9836B400436990 /* View */ = {
			isa = PBXGroup;
			children = (
			);
			path = View;
			sourceTree = "<group>";
		};
		6EADCC9E1B9836B400436990 /* New-新贴 */ = {
			isa = PBXGroup;
			children = (
				6EADCC9F1B9836B400436990 /* Controller */,
				6EADCCA01B9836B400436990 /* Model */,
				6EADCCA11B9836B400436990 /* View */,
			);
			path = "New-新贴";
			sourceTree = "<group>";
		};
		6EADCC9F1B9836B400436990 /* Controller */ = {
			isa = PBXGroup;
			children = (
				6EDC3F201B95C461005631B7 /* WANewViewController.h */,
				6EDC3F211B95C461005631B7 /* WANewViewController.m */,
			);
			path = Controller;
			sourceTree = "<group>";
		};
		6EADCCA01B9836B400436990 /* Model */ = {
			isa = PBXGroup;
			children = (
			);
			path = Model;
			sourceTree = "<group>";
		};
		6EADCCA11B9836B400436990 /* View */ = {
			isa = PBXGroup;
			children = (
			);
			path = View;
			sourceTree = "<group>";
		};
		6EADCCA21B9836B400436990 /* Other-其它  */ = {
			isa = PBXGroup;
			children = (
				6EADCCA61B9837B100436990 /* Category */,
				6EADCCA31B9836B400436990 /* Controller */,
				6EADCCA41B9836B400436990 /* Model */,
				6EADCCA51B9836B400436990 /* View */,
			);
			path = "Other-其它 ";
			sourceTree = "<group>";
		};
		6EADCCA31B9836B400436990 /* Controller */ = {
			isa = PBXGroup;
			children = (
				6EADCC8E1B9811B300436990 /* WANavigationController.h */,
				6EADCC8F1B9811B300436990 /* WANavigationController.m */,
				6EDC3F291B95CC0C005631B7 /* WATabBarController.h */,
				6EDC3F2A1B95CC0C005631B7 /* WATabBarController.m */,
			);
			path = Controller;
			sourceTree = "<group>";
		};
		6EADCCA41B9836B400436990 /* Model */ = {
			isa = PBXGroup;
			children = (
			);
			path = Model;
			sourceTree = "<group>";
		};
		6EADCCA51B9836B400436990 /* View */ = {
			isa = PBXGroup;
			children = (
				6EDC3F2C1B95CE23005631B7 /* WATabBar.h */,
				6EDC3F2D1B95CE23005631B7 /* WATabBar.m */,
			);
			path = View;
			sourceTree = "<group>";
		};
		6EADCCA61B9837B100436990 /* Category */ = {
			isa = PBXGroup;
			children = (
				6EDC3F341B95F400005631B7 /* UIBarButtonItem+WAExtension.h */,
				6EDC3F351B95F400005631B7 /* UIBarButtonItem+WAExtension.m */,
				6EADCCB51B989BCD00436990 /* UIView+WAExtension.h */,
				6EADCCB61B989BCD00436990 /* UIView+WAExtension.m */,
			);
			path = Category;
			sourceTree = "<group>";
		};
		6EDC3EE81B957BC4005631B7 = {
			isa = PBXGroup;
			children = (
				6EDC3EF31B957BC4005631B7 /* 百思不得姐 */,
				6EDC3F0D1B957BC4005631B7 /* 百思不得姐Tests */,
				6EDC3EF21B957BC4005631B7 /* Products */,
			);
			sourceTree = "<group>";
		};
		6EDC3EF21B957BC4005631B7 /* Products */ = {
			isa = PBXGroup;
			children = (
				6EDC3EF11B957BC4005631B7 /* 百思不得姐.app */,
				6EDC3F0A1B957BC4005631B7 /* 百思不得姐Tests.xctest */,
			);
			name = Products;
			sourceTree = "<group>";
		};
		6EDC3EF31B957BC4005631B7 /* 百思不得姐 */ = {
			isa = PBXGroup;
			children = (
				6EADCC911B98356B00436990 /* classes */,
				6EDC3EF41B957BC4005631B7 /* Supporting Files */,
			);
			path = "百思不得姐";
			sourceTree = "<group>";
		};
		6EDC3EF41B957BC4005631B7 /* Supporting Files */ = {
			isa = PBXGroup;
			children = (
				6EDC3F011B957BC4005631B7 /* Images.xcassets */,
				6EDC3EF51B957BC4005631B7 /* Info.plist */,
			);
			name = "Supporting Files";
			sourceTree = "<group>";
		};
		6EDC3F0D1B957BC4005631B7 /* 百思不得姐Tests */ = {
			isa = PBXGroup;
			children = (
				6EDC3F101B957BC4005631B7 /* _____Tests.m */,
				6EDC3F0E1B957BC4005631B7 /* Supporting Files */,
			);
			path = "百思不得姐Tests";
			sourceTree = "<group>";
		};
		6EDC3F0E1B957BC4005631B7 /* Supporting Files */ = {
			isa = PBXGroup;
			children = (
				6EDC3F0F1B957BC4005631B7 /* Info.plist */,
			);
			name = "Supporting Files";
			sourceTree = "<group>";
		};
/* End PBXGroup section */

/* Begin PBXNativeTarget section */
		6EDC3EF01B957BC4005631B7 /* 百思不得姐 */ = {
			isa = PBXNativeTarget;
			buildConfigurationList = 6EDC3F141B957BC4005631B7 /* Build configuration list for PBXNativeTarget "百思不得姐" */;
			buildPhases = (
				6EDC3EED1B957BC4005631B7 /* Sources */,
				6EDC3EEE1B957BC4005631B7 /* Frameworks */,
				6EDC3EEF1B957BC4005631B7 /* Resources */,
			);
			buildRules = (
			);
			dependencies = (
			);
			name = "百思不得姐";
			productName = "百思不得姐";
			productReference = 6EDC3EF11B957BC4005631B7 /* 百思不得姐.app */;
			productType = "com.apple.product-type.application";
		};
		6EDC3F091B957BC4005631B7 /* 百思不得姐Tests */ = {
			isa = PBXNativeTarget;
			buildConfigurationList = 6EDC3F171B957BC4005631B7 /* Build configuration list for PBXNativeTarget "百思不得姐Tests" */;
			buildPhases = (
				6EDC3F061B957BC4005631B7 /* Sources */,
				6EDC3F071B957BC4005631B7 /* Frameworks */,
				6EDC3F081B957BC4005631B7 /* Resources */,
			);
			buildRules = (
			);
			dependencies = (
				6EDC3F0C1B957BC4005631B7 /* PBXTargetDependency */,
			);
			name = "百思不得姐Tests";
			productName = "百思不得姐Tests";
			productReference = 6EDC3F0A1B957BC4005631B7 /* 百思不得姐Tests.xctest */;
			productType = "com.apple.product-type.bundle.unit-test";
		};
/* End PBXNativeTarget section */

/* Begin PBXProject section */
		6EDC3EE91B957BC4005631B7 /* Project object */ = {
			isa = PBXProject;
			attributes = {
				CLASSPREFIX = WA;
				LastUpgradeCheck = 0640;
				ORGANIZATIONNAME = peanut;
				TargetAttributes = {
					6EDC3EF01B957BC4005631B7 = {
						CreatedOnToolsVersion = 6.4;
					};
					6EDC3F091B957BC4005631B7 = {
						CreatedOnToolsVersion = 6.4;
						TestTargetID = 6EDC3EF01B957BC4005631B7;
					};
				};
			};
			buildConfigurationList = 6EDC3EEC1B957BC4005631B7 /* Build configuration list for PBXProject "百思不得姐" */;
			compatibilityVersion = "Xcode 3.2";
			developmentRegion = English;
			hasScannedForEncodings = 0;
			knownRegions = (
				en,
				Base,
			);
			mainGroup = 6EDC3EE81B957BC4005631B7;
			productRefGroup = 6EDC3EF21B957BC4005631B7 /* Products */;
			projectDirPath = "";
			projectRoot = "";
			targets = (
				6EDC3EF01B957BC4005631B7 /* 百思不得姐 */,
				6EDC3F091B957BC4005631B7 /* 百思不得姐Tests */,
			);
		};
/* End PBXProject section */

/* Begin PBXResourcesBuildPhase section */
		6EDC3EEF1B957BC4005631B7 /* Resources */ = {
			isa = PBXResourcesBuildPhase;
			buildActionMask = 2147483647;
			files = (
				6EADCCAC1B983CC500436990 /* WAFriendTrendsView.xib in Resources */,
				6EDC3F021B957BC4005631B7 /* Images.xcassets in Resources */,
				6EADCCB11B9844AD00436990 /* WALoginRegisterViewController.xib in Resources */,
			);
			runOnlyForDeploymentPostprocessing = 0;
		};
		6EDC3F081B957BC4005631B7 /* Resources */ = {
			isa = PBXResourcesBuildPhase;
			buildActionMask = 2147483647;
			files = (
			);
			runOnlyForDeploymentPostprocessing = 0;
		};
/* End PBXResourcesBuildPhase section */

/* Begin PBXSourcesBuildPhase section */
		6EDC3EED1B957BC4005631B7 /* Sources */ = {
			isa = PBXSourcesBuildPhase;
			buildActionMask = 2147483647;
			files = (
				6EDC3F3C1B960102005631B7 /* WATagViewController.m in Sources */,
				6EDC3F361B95F400005631B7 /* UIBarButtonItem+WAExtension.m in Sources */,
				6EDC3F2B1B95CC0C005631B7 /* WATabBarController.m in Sources */,
				6EADCCB41B989AE400436990 /* WAQuickLoginButton.m in Sources */,
				6EADCCBA1B997BF300436990 /* WALoginRegisterTextField.m in Sources */,
				6EDC3F2E1B95CE23005631B7 /* WATabBar.m in Sources */,
				6EDC3F391B95FD39005631B7 /* WASettingViewController.m in Sources */,
				6EDC3F251B95C47F005631B7 /* WAFriendTrendsViewController.m in Sources */,
				6EDC3F1F1B95C44A005631B7 /* WAMeViewController.m in Sources */,
				6EADCC901B9811B300436990 /* WANavigationController.m in Sources */,
				6EDC3F281B95C493005631B7 /* WAEssenceViewController.m in Sources */,
				6EADCCB01B9844AD00436990 /* WALoginRegisterViewController.m in Sources */,
				6EDC3F221B95C461005631B7 /* WANewViewController.m in Sources */,
				6EDC3EFA1B957BC4005631B7 /* AppDelegate.m in Sources */,
				6EADCCB71B989BCD00436990 /* UIView+WAExtension.m in Sources */,
				6EDC3EF71B957BC4005631B7 /* main.m in Sources */,
			);
			runOnlyForDeploymentPostprocessing = 0;
		};
		6EDC3F061B957BC4005631B7 /* Sources */ = {
			isa = PBXSourcesBuildPhase;
			buildActionMask = 2147483647;
			files = (
				6EDC3F111B957BC4005631B7 /* _____Tests.m in Sources */,
			);
			runOnlyForDeploymentPostprocessing = 0;
		};
/* End PBXSourcesBuildPhase section */

/* Begin PBXTargetDependency section */
		6EDC3F0C1B957BC4005631B7 /* PBXTargetDependency */ = {
			isa = PBXTargetDependency;
			target = 6EDC3EF01B957BC4005631B7 /* 百思不得姐 */;
			targetProxy = 6EDC3F0B1B957BC4005631B7 /* PBXContainerItemProxy */;
		};
/* End PBXTargetDependency section */

/* Begin XCBuildConfiguration section */
		6EDC3F121B957BC4005631B7 /* Debug */ = {
			isa = XCBuildConfiguration;
			buildSettings = {
				ALWAYS_SEARCH_USER_PATHS = NO;
				CLANG_CXX_LANGUAGE_STANDARD = "gnu++0x";
				CLANG_CXX_LIBRARY = "libc++";
				CLANG_ENABLE_MODULES = YES;
				CLANG_ENABLE_OBJC_ARC = YES;
				CLANG_WARN_BOOL_CONVERSION = YES;
				CLANG_WARN_CONSTANT_CONVERSION = YES;
				CLANG_WARN_DIRECT_OBJC_ISA_USAGE = YES_ERROR;
				CLANG_WARN_EMPTY_BODY = YES;
				CLANG_WARN_ENUM_CONVERSION = YES;
				CLANG_WARN_INT_CONVERSION = YES;
				CLANG_WARN_OBJC_ROOT_CLASS = YES_ERROR;
				CLANG_WARN_UNREACHABLE_CODE = YES;
				CLANG_WARN__DUPLICATE_METHOD_MATCH = YES;
				"CODE_SIGN_IDENTITY[sdk=iphoneos*]" = "iPhone Developer";
				COPY_PHASE_STRIP = NO;
				DEBUG_INFORMATION_FORMAT = "dwarf-with-dsym";
				ENABLE_STRICT_OBJC_MSGSEND = YES;
				GCC_C_LANGUAGE_STANDARD = gnu99;
				GCC_DYNAMIC_NO_PIC = NO;
				GCC_NO_COMMON_BLOCKS = YES;
				GCC_OPTIMIZATION_LEVEL = 0;
				GCC_PREPROCESSOR_DEFINITIONS = (
					"DEBUG=1",
					"$(inherited)",
				);
				GCC_SYMBOLS_PRIVATE_EXTERN = NO;
				GCC_WARN_64_TO_32_BIT_CONVERSION = YES;
				GCC_WARN_ABOUT_RETURN_TYPE = YES_ERROR;
				GCC_WARN_UNDECLARED_SELECTOR = YES;
				GCC_WARN_UNINITIALIZED_AUTOS = YES_AGGRESSIVE;
				GCC_WARN_UNUSED_FUNCTION = YES;
				GCC_WARN_UNUSED_VARIABLE = YES;
				IPHONEOS_DEPLOYMENT_TARGET = 8.4;
				MTL_ENABLE_DEBUG_INFO = YES;
				ONLY_ACTIVE_ARCH = YES;
				SDKROOT = iphoneos;
				TARGETED_DEVICE_FAMILY = "1,2";
			};
			name = Debug;
		};
		6EDC3F131B957BC4005631B7 /* Release */ = {
			isa = XCBuildConfiguration;
			buildSettings = {
				ALWAYS_SEARCH_USER_PATHS = NO;
				CLANG_CXX_LANGUAGE_STANDARD = "gnu++0x";
				CLANG_CXX_LIBRARY = "libc++";
				CLANG_ENABLE_MODULES = YES;
				CLANG_ENABLE_OBJC_ARC = YES;
				CLANG_WARN_BOOL_CONVERSION = YES;
				CLANG_WARN_CONSTANT_CONVERSION = YES;
				CLANG_WARN_DIRECT_OBJC_ISA_USAGE = YES_ERROR;
				CLANG_WARN_EMPTY_BODY = YES;
				CLANG_WARN_ENUM_CONVERSION = YES;
				CLANG_WARN_INT_CONVERSION = YES;
				CLANG_WARN_OBJC_ROOT_CLASS = YES_ERROR;
				CLANG_WARN_UNREACHABLE_CODE = YES;
				CLANG_WARN__DUPLICATE_METHOD_MATCH = YES;
				"CODE_SIGN_IDENTITY[sdk=iphoneos*]" = "iPhone Developer";
				COPY_PHASE_STRIP = NO;
				DEBUG_INFORMATION_FORMAT = "dwarf-with-dsym";
				ENABLE_NS_ASSERTIONS = NO;
				ENABLE_STRICT_OBJC_MSGSEND = YES;
				GCC_C_LANGUAGE_STANDARD = gnu99;
				GCC_NO_COMMON_BLOCKS = YES;
				GCC_WARN_64_TO_32_BIT_CONVERSION = YES;
				GCC_WARN_ABOUT_RETURN_TYPE = YES_ERROR;
				GCC_WARN_UNDECLARED_SELECTOR = YES;
				GCC_WARN_UNINITIALIZED_AUTOS = YES_AGGRESSIVE;
				GCC_WARN_UNUSED_FUNCTION = YES;
				GCC_WARN_UNUSED_VARIABLE = YES;
				IPHONEOS_DEPLOYMENT_TARGET = 8.4;
				MTL_ENABLE_DEBUG_INFO = NO;
				SDKROOT = iphoneos;
				TARGETED_DEVICE_FAMILY = "1,2";
				VALIDATE_PRODUCT = YES;
			};
			name = Release;
		};
		6EDC3F151B957BC4005631B7 /* Debug */ = {
			isa = XCBuildConfiguration;
			buildSettings = {
				ASSETCATALOG_COMPILER_APPICON_NAME = AppIcon;
				ASSETCATALOG_COMPILER_LAUNCHIMAGE_NAME = LaunchImage;
				GCC_PREFIX_HEADER = "/Users/peanut/Documents/baisibudejie/baisibudejie/百思不得姐/百思不得姐/PrefixHeader.pch";
				INFOPLIST_FILE = "百思不得姐/Info.plist";
				LD_RUNPATH_SEARCH_PATHS = "$(inherited) @executable_path/Frameworks";
				PRODUCT_NAME = "$(TARGET_NAME)";
			};
			name = Debug;
		};
		6EDC3F161B957BC4005631B7 /* Release */ = {
			isa = XCBuildConfiguration;
			buildSettings = {
				ASSETCATALOG_COMPILER_APPICON_NAME = AppIcon;
				ASSETCATALOG_COMPILER_LAUNCHIMAGE_NAME = LaunchImage;
				INFOPLIST_FILE = "百思不得姐/Info.plist";
				LD_RUNPATH_SEARCH_PATHS = "$(inherited) @executable_path/Frameworks";
				PRODUCT_NAME = "$(TARGET_NAME)";
			};
			name = Release;
		};
		6EDC3F181B957BC4005631B7 /* Debug */ = {
			isa = XCBuildConfiguration;
			buildSettings = {
				BUNDLE_LOADER = "$(TEST_HOST)";
				FRAMEWORK_SEARCH_PATHS = (
					"$(SDKROOT)/Developer/Library/Frameworks",
					"$(inherited)",
				);
				GCC_PREPROCESSOR_DEFINITIONS = (
					"DEBUG=1",
					"$(inherited)",
				);
				INFOPLIST_FILE = "百思不得姐Tests/Info.plist";
				LD_RUNPATH_SEARCH_PATHS = "$(inherited) @executable_path/Frameworks @loader_path/Frameworks";
				PRODUCT_NAME = "$(TARGET_NAME)";
				TEST_HOST = "$(BUILT_PRODUCTS_DIR)/百思不得姐.app/百思不得姐";
			};
			name = Debug;
		};
		6EDC3F191B957BC4005631B7 /* Release */ = {
			isa = XCBuildConfiguration;
			buildSettings = {
				BUNDLE_LOADER = "$(TEST_HOST)";
				FRAMEWORK_SEARCH_PATHS = (
					"$(SDKROOT)/Developer/Library/Frameworks",
					"$(inherited)",
				);
				INFOPLIST_FILE = "百思不得姐Tests/Info.plist";
				LD_RUNPATH_SEARCH_PATHS = "$(inherited) @executable_path/Frameworks @loader_path/Frameworks";
				PRODUCT_NAME = "$(TARGET_NAME)";
				TEST_HOST = "$(BUILT_PRODUCTS_DIR)/百思不得姐.app/百思不得姐";
			};
			name = Release;
		};
/* End XCBuildConfiguration section */

/* Begin XCConfigurationList section */
		6EDC3EEC1B957BC4005631B7 /* Build configuration list for PBXProject "百思不得姐" */ = {
			isa = XCConfigurationList;
			buildConfigurations = (
				6EDC3F121B957BC4005631B7 /* Debug */,
				6EDC3F131B957BC4005631B7 /* Release */,
			);
			defaultConfigurationIsVisible = 0;
			defaultConfigurationName = Release;
		};
		6EDC3F141B957BC4005631B7 /* Build configuration list for PBXNativeTarget "百思不得姐" */ = {
			isa = XCConfigurationList;
			buildConfigurations = (
				6EDC3F151B957BC4005631B7 /* Debug */,
				6EDC3F161B957BC4005631B7 /* Release */,
			);
			defaultConfigurationIsVisible = 0;
			defaultConfigurationName = Release;
		};
		6EDC3F171B957BC4005631B7 /* Build configuration list for PBXNativeTarget "百思不得姐Tests" */ = {
			isa = XCConfigurationList;
			buildConfigurations = (
				6EDC3F181B957BC4005631B7 /* Debug */,
				6EDC3F191B957BC4005631B7 /* Release */,
			);
			defaultConfigurationIsVisible = 0;
			defaultConfigurationName = Release;
		};
/* End XCConfigurationList section */
	};
	rootObject = 6EDC3EE91B957BC4005631B7 /* Project object */;
}
